
Microsoft Visual Studio Solution File, Format Version 12.00
# Visual Studio Version 16
VisualStudioVersion = 16.0.28803.202
MinimumVisualStudioVersion = 10.0.40219.1
Project("{9A19103F-16F7-4668-BE54-9A1E7A4F7556}") = "Ease.NUnit.DryIoc", "src\Ease.NUnit.DryIoc\Ease.NUnit.DryIoc.csproj", "{851C8478-B6B2-4782-9C55-BD547A8A00FC}"
EndProject
Project("{9A19103F-16F7-4668-BE54-9A1E7A4F7556}") = "Ease.NUnit.DryIoc.PrismForms", "src\Ease.NUnit.DryIoc.PrismForms\Ease.NUnit.DryIoc.PrismForms.csproj", "{27B17879-F600-4095-B744-1D70EEDB98B8}"
EndProject
Project("{9A19103F-16F7-4668-BE54-9A1E7A4F7556}") = "Ease.NUnit.DryIoc.PrismForms.Tests", "tests\Ease.NUnit.DryIoc.PrismForms.Tests\Ease.NUnit.DryIoc.PrismForms.Tests.csproj", "{72ACEF64-3812-4C9C-84C7-EEB88FC52B40}"
EndProject
Project("{9A19103F-16F7-4668-BE54-9A1E7A4F7556}") = "Ease.MsTest.DryIoc.PrismForms.Tests", "tests\Ease.MsTest.DryIoc.PrismForms.Tests\Ease.MsTest.DryIoc.PrismForms.Tests.csproj", "{3B5DE91B-0B2F-444D-B476-0DAB711239A6}"
EndProject
Project("{9A19103F-16F7-4668-BE54-9A1E7A4F7556}") = "Ease.NUnit.Unity", "src\Ease.NUnit.Unity\Ease.NUnit.Unity.csproj", "{E0B29BBB-7091-4CEC-8F8C-E3A5CC1CA75F}"
EndProject
Project("{9A19103F-16F7-4668-BE54-9A1E7A4F7556}") = "Ease.NUnit.Unity.PrismForms", "src\Ease.NUnit.Unity.PrismForms\Ease.NUnit.Unity.PrismForms.csproj", "{16654675-E121-467F-8435-1461AD5AA916}"
EndProject
Project("{2150E333-8FDC-42A3-9474-1A3956D46DE8}") = "MSTest", "MSTest", "{F620365B-2AD2-4D96-91D3-7DF65EB22CCD}"
EndProject
Project("{2150E333-8FDC-42A3-9474-1A3956D46DE8}") = "DryIoc", "DryIoc", "{10DB110D-B6DE-419A-8E54-4552156F6790}"
EndProject
Project("{2150E333-8FDC-42A3-9474-1A3956D46DE8}") = "Unity", "Unity", "{DFF03830-1735-4D0A-ACCB-C430FFCD6F6D}"
EndProject
Project("{9A19103F-16F7-4668-BE54-9A1E7A4F7556}") = "Ease.NUnit.Unity.PrismForms.Tests", "tests\Ease.NUnit.Unity.PrismForms.Tests\Ease.NUnit.Unity.PrismForms.Tests.csproj", "{D199C45B-870E-469B-B772-DA34BD6B1506}"
EndProject
Project("{2150E333-8FDC-42A3-9474-1A3956D46DE8}") = "NUnit", "NUnit", "{164E85F3-30B8-4648-AA60-959D9544444B}"
EndProject
Project("{9A19103F-16F7-4668-BE54-9A1E7A4F7556}") = "Ease", "src\Ease\Ease.csproj", "{00094E20-24F5-4F4F-9027-15A150F3AFF0}"
EndProject
Project("{9A19103F-16F7-4668-BE54-9A1E7A4F7556}") = "Ease.DryIoc", "src\Ease.DryIoc\Ease.DryIoc.csproj", "{391728BB-AC63-4332-9B28-176DE8AAA966}"
EndProject
Project("{9A19103F-16F7-4668-BE54-9A1E7A4F7556}") = "Ease.Unity", "src\Ease.Unity\Ease.Unity.csproj", "{A5AC51BE-B73B-41DE-A397-3AF61FAE70D8}"
EndProject
Project("{2150E333-8FDC-42A3-9474-1A3956D46DE8}") = "XUnit", "XUnit", "{E66DF1AA-0EC0-4B52-83A7-053132449BD6}"
EndProject
Project("{2150E333-8FDC-42A3-9474-1A3956D46DE8}") = "DryIoc", "DryIoc", "{11361327-2822-4DB8-A026-963B5A0231A3}"
EndProject
Project("{2150E333-8FDC-42A3-9474-1A3956D46DE8}") = "Unity", "Unity", "{99A2621D-070F-42DD-A4C5-3C65A3713723}"
EndProject
Project("{9A19103F-16F7-4668-BE54-9A1E7A4F7556}") = "Ease.XUnit.DryIoc", "src\Ease.XUnit.DryIoc\Ease.XUnit.DryIoc.csproj", "{DB80A908-8381-42F2-97C3-0F59B9E018BD}"
EndProject
Project("{9A19103F-16F7-4668-BE54-9A1E7A4F7556}") = "Ease.XUnit.DryIoc.PrismForms", "src\Ease.XUnit.DryIoc.PrismForms\Ease.XUnit.DryIoc.PrismForms.csproj", "{609A8629-8F4D-4D2E-B637-B32867C4ED8D}"
EndProject
Project("{9A19103F-16F7-4668-BE54-9A1E7A4F7556}") = "Ease.XUnit.DryIoc.PrismForms.Tests", "tests\Ease.XUnit.DryIoc.PrismForms.Tests\Ease.XUnit.DryIoc.PrismForms.Tests.csproj", "{8A9BE5C7-0678-47E7-ACA2-3E293DD5BD15}"
EndProject
Project("{9A19103F-16F7-4668-BE54-9A1E7A4F7556}") = "Ease.XUnit.Unity", "src\Ease.XUnit.Unity\Ease.XUnit.Unity.csproj", "{2BA3028D-A07F-461C-9012-95FFD848B61C}"
EndProject
Project("{9A19103F-16F7-4668-BE54-9A1E7A4F7556}") = "Ease.XUnit.Unity.PrismForms", "src\Ease.XUnit.Unity.PrismForms\Ease.XUnit.Unity.PrismForms.csproj", "{17490E15-C4BB-429C-AE13-8EB10F825426}"
EndProject
Project("{9A19103F-16F7-4668-BE54-9A1E7A4F7556}") = "Ease.XUnit.Unity.PrismForms.Tests", "tests\Ease.XUnit.Unity.PrismForms.Tests\Ease.XUnit.Unity.PrismForms.Tests.csproj", "{359EB28D-0CBF-42FB-AA3D-E07FEA798777}"
EndProject
Project("{9A19103F-16F7-4668-BE54-9A1E7A4F7556}") = "Ease.MsTest.DryIoc", "src\Ease.MsTest.DryIoc\Ease.MsTest.DryIoc.csproj", "{79ED3321-2AA6-450D-A2AB-FDAB77AF4000}"
EndProject
Project("{9A19103F-16F7-4668-BE54-9A1E7A4F7556}") = "Ease.MsTest.DryIoc.PrismForms", "src\Ease.MsTest.DryIoc.PrismForms\Ease.MsTest.DryIoc.PrismForms.csproj", "{4ECA9C3D-0031-4154-BD26-9349360ECC6C}"
EndProject
Project("{2150E333-8FDC-42A3-9474-1A3956D46DE8}") = "DryIoc", "DryIoc", "{389C6855-7017-4CB4-B875-CCB2DF4ACC21}"
EndProject
Project("{2150E333-8FDC-42A3-9474-1A3956D46DE8}") = "Unity", "Unity", "{C8E35752-A5BE-433E-A695-3D415940FE5F}"
EndProject
Project("{9A19103F-16F7-4668-BE54-9A1E7A4F7556}") = "Ease.MsTest.Unity", "src\Ease.MsTest.Unity\Ease.MsTest.Unity.csproj", "{C2F710F4-629B-40D9-82C4-2BC6C25C57F3}"
EndProject
Project("{9A19103F-16F7-4668-BE54-9A1E7A4F7556}") = "Ease.MsTest.Unity.PrismForms", "src\Ease.MsTest.Unity.PrismForms\Ease.MsTest.Unity.PrismForms.csproj", "{DFCBCD85-87C1-4710-B331-A4613E8480EF}"
EndProject
Project("{9A19103F-16F7-4668-BE54-9A1E7A4F7556}") = "Ease.MsTest.Unity.PrismForms.Tests", "tests\Ease.MsTest.Unity.PrismForms.Tests\Ease.MsTest.Unity.PrismForms.Tests.csproj", "{A50BC6BF-2FB1-480A-BA7E-2A54DC5086F4}"
EndProject
Project("{2150E333-8FDC-42A3-9474-1A3956D46DE8}") = "__Build", "__Build", "{003F798B-D58C-4ECD-BB68-41E7C4159110}"
	ProjectSection(SolutionItems) = preProject
		appveyor.yml = appveyor.yml
		Directory.Build.props = Directory.Build.props
		Directory.Build.targets = Directory.Build.targets
		global.json = global.json
	EndProjectSection
EndProject
Project("{2150E333-8FDC-42A3-9474-1A3956D46DE8}") = "__docs", "__docs", "{B760546A-47E3-44DB-BF95-74398E0294AC}"
	ProjectSection(SolutionItems) = preProject
		README.md = README.md
	EndProjectSection
EndProject
Project("{2150E333-8FDC-42A3-9474-1A3956D46DE8}") = "_Core", "_Core", "{4FD46910-04E8-4ABD-974E-10A882E753C9}"
EndProject
Global
	GlobalSection(SolutionConfigurationPlatforms) = preSolution
		Debug|Any CPU = Debug|Any CPU
		Debug|ARM = Debug|ARM
		Debug|x64 = Debug|x64
		Debug|x86 = Debug|x86
		Release|Any CPU = Release|Any CPU
		Release|ARM = Release|ARM
		Release|x64 = Release|x64
		Release|x86 = Release|x86
	EndGlobalSection
	GlobalSection(ProjectConfigurationPlatforms) = postSolution
		{851C8478-B6B2-4782-9C55-BD547A8A00FC}.Debug|Any CPU.ActiveCfg = Debug|Any CPU
		{851C8478-B6B2-4782-9C55-BD547A8A00FC}.Debug|Any CPU.Build.0 = Debug|Any CPU
		{851C8478-B6B2-4782-9C55-BD547A8A00FC}.Debug|ARM.ActiveCfg = Debug|Any CPU
		{851C8478-B6B2-4782-9C55-BD547A8A00FC}.Debug|ARM.Build.0 = Debug|Any CPU
		{851C8478-B6B2-4782-9C55-BD547A8A00FC}.Debug|x64.ActiveCfg = Debug|Any CPU
		{851C8478-B6B2-4782-9C55-BD547A8A00FC}.Debug|x64.Build.0 = Debug|Any CPU
		{851C8478-B6B2-4782-9C55-BD547A8A00FC}.Debug|x86.ActiveCfg = Debug|Any CPU
		{851C8478-B6B2-4782-9C55-BD547A8A00FC}.Debug|x86.Build.0 = Debug|Any CPU
		{851C8478-B6B2-4782-9C55-BD547A8A00FC}.Release|Any CPU.ActiveCfg = Release|Any CPU
		{851C8478-B6B2-4782-9C55-BD547A8A00FC}.Release|Any CPU.Build.0 = Release|Any CPU
		{851C8478-B6B2-4782-9C55-BD547A8A00FC}.Release|ARM.ActiveCfg = Release|Any CPU
		{851C8478-B6B2-4782-9C55-BD547A8A00FC}.Release|ARM.Build.0 = Release|Any CPU
		{851C8478-B6B2-4782-9C55-BD547A8A00FC}.Release|x64.ActiveCfg = Release|Any CPU
		{851C8478-B6B2-4782-9C55-BD547A8A00FC}.Release|x64.Build.0 = Release|Any CPU
		{851C8478-B6B2-4782-9C55-BD547A8A00FC}.Release|x86.ActiveCfg = Release|Any CPU
		{851C8478-B6B2-4782-9C55-BD547A8A00FC}.Release|x86.Build.0 = Release|Any CPU
		{27B17879-F600-4095-B744-1D70EEDB98B8}.Debug|Any CPU.ActiveCfg = Debug|Any CPU
		{27B17879-F600-4095-B744-1D70EEDB98B8}.Debug|Any CPU.Build.0 = Debug|Any CPU
		{27B17879-F600-4095-B744-1D70EEDB98B8}.Debug|ARM.ActiveCfg = Debug|Any CPU
		{27B17879-F600-4095-B744-1D70EEDB98B8}.Debug|ARM.Build.0 = Debug|Any CPU
		{27B17879-F600-4095-B744-1D70EEDB98B8}.Debug|x64.ActiveCfg = Debug|Any CPU
		{27B17879-F600-4095-B744-1D70EEDB98B8}.Debug|x64.Build.0 = Debug|Any CPU
		{27B17879-F600-4095-B744-1D70EEDB98B8}.Debug|x86.ActiveCfg = Debug|Any CPU
		{27B17879-F600-4095-B744-1D70EEDB98B8}.Debug|x86.Build.0 = Debug|Any CPU
		{27B17879-F600-4095-B744-1D70EEDB98B8}.Release|Any CPU.ActiveCfg = Release|Any CPU
		{27B17879-F600-4095-B744-1D70EEDB98B8}.Release|Any CPU.Build.0 = Release|Any CPU
		{27B17879-F600-4095-B744-1D70EEDB98B8}.Release|ARM.ActiveCfg = Release|Any CPU
		{27B17879-F600-4095-B744-1D70EEDB98B8}.Release|ARM.Build.0 = Release|Any CPU
		{27B17879-F600-4095-B744-1D70EEDB98B8}.Release|x64.ActiveCfg = Release|Any CPU
		{27B17879-F600-4095-B744-1D70EEDB98B8}.Release|x64.Build.0 = Release|Any CPU
		{27B17879-F600-4095-B744-1D70EEDB98B8}.Release|x86.ActiveCfg = Release|Any CPU
		{27B17879-F600-4095-B744-1D70EEDB98B8}.Release|x86.Build.0 = Release|Any CPU
		{72ACEF64-3812-4C9C-84C7-EEB88FC52B40}.Debug|Any CPU.ActiveCfg = Debug|Any CPU
		{72ACEF64-3812-4C9C-84C7-EEB88FC52B40}.Debug|Any CPU.Build.0 = Debug|Any CPU
		{72ACEF64-3812-4C9C-84C7-EEB88FC52B40}.Debug|ARM.ActiveCfg = Debug|Any CPU
		{72ACEF64-3812-4C9C-84C7-EEB88FC52B40}.Debug|ARM.Build.0 = Debug|Any CPU
		{72ACEF64-3812-4C9C-84C7-EEB88FC52B40}.Debug|x64.ActiveCfg = Debug|Any CPU
		{72ACEF64-3812-4C9C-84C7-EEB88FC52B40}.Debug|x64.Build.0 = Debug|Any CPU
		{72ACEF64-3812-4C9C-84C7-EEB88FC52B40}.Debug|x86.ActiveCfg = Debug|Any CPU
		{72ACEF64-3812-4C9C-84C7-EEB88FC52B40}.Debug|x86.Build.0 = Debug|Any CPU
		{72ACEF64-3812-4C9C-84C7-EEB88FC52B40}.Release|Any CPU.ActiveCfg = Release|Any CPU
		{72ACEF64-3812-4C9C-84C7-EEB88FC52B40}.Release|Any CPU.Build.0 = Release|Any CPU
		{72ACEF64-3812-4C9C-84C7-EEB88FC52B40}.Release|ARM.ActiveCfg = Release|Any CPU
		{72ACEF64-3812-4C9C-84C7-EEB88FC52B40}.Release|ARM.Build.0 = Release|Any CPU
		{72ACEF64-3812-4C9C-84C7-EEB88FC52B40}.Release|x64.ActiveCfg = Release|Any CPU
		{72ACEF64-3812-4C9C-84C7-EEB88FC52B40}.Release|x64.Build.0 = Release|Any CPU
		{72ACEF64-3812-4C9C-84C7-EEB88FC52B40}.Release|x86.ActiveCfg = Release|Any CPU
		{72ACEF64-3812-4C9C-84C7-EEB88FC52B40}.Release|x86.Build.0 = Release|Any CPU
		{3B5DE91B-0B2F-444D-B476-0DAB711239A6}.Debug|Any CPU.ActiveCfg = Debug|Any CPU
		{3B5DE91B-0B2F-444D-B476-0DAB711239A6}.Debug|Any CPU.Build.0 = Debug|Any CPU
		{3B5DE91B-0B2F-444D-B476-0DAB711239A6}.Debug|ARM.ActiveCfg = Debug|Any CPU
		{3B5DE91B-0B2F-444D-B476-0DAB711239A6}.Debug|ARM.Build.0 = Debug|Any CPU
		{3B5DE91B-0B2F-444D-B476-0DAB711239A6}.Debug|x64.ActiveCfg = Debug|Any CPU
		{3B5DE91B-0B2F-444D-B476-0DAB711239A6}.Debug|x64.Build.0 = Debug|Any CPU
		{3B5DE91B-0B2F-444D-B476-0DAB711239A6}.Debug|x86.ActiveCfg = Debug|Any CPU
		{3B5DE91B-0B2F-444D-B476-0DAB711239A6}.Debug|x86.Build.0 = Debug|Any CPU
		{3B5DE91B-0B2F-444D-B476-0DAB711239A6}.Release|Any CPU.ActiveCfg = Release|Any CPU
		{3B5DE91B-0B2F-444D-B476-0DAB711239A6}.Release|Any CPU.Build.0 = Release|Any CPU
		{3B5DE91B-0B2F-444D-B476-0DAB711239A6}.Release|ARM.ActiveCfg = Release|Any CPU
		{3B5DE91B-0B2F-444D-B476-0DAB711239A6}.Release|ARM.Build.0 = Release|Any CPU
		{3B5DE91B-0B2F-444D-B476-0DAB711239A6}.Release|x64.ActiveCfg = Release|Any CPU
		{3B5DE91B-0B2F-444D-B476-0DAB711239A6}.Release|x64.Build.0 = Release|Any CPU
		{3B5DE91B-0B2F-444D-B476-0DAB711239A6}.Release|x86.ActiveCfg = Release|Any CPU
		{3B5DE91B-0B2F-444D-B476-0DAB711239A6}.Release|x86.Build.0 = Release|Any CPU
		{E0B29BBB-7091-4CEC-8F8C-E3A5CC1CA75F}.Debug|Any CPU.ActiveCfg = Debug|Any CPU
		{E0B29BBB-7091-4CEC-8F8C-E3A5CC1CA75F}.Debug|Any CPU.Build.0 = Debug|Any CPU
		{E0B29BBB-7091-4CEC-8F8C-E3A5CC1CA75F}.Debug|ARM.ActiveCfg = Debug|Any CPU
		{E0B29BBB-7091-4CEC-8F8C-E3A5CC1CA75F}.Debug|ARM.Build.0 = Debug|Any CPU
		{E0B29BBB-7091-4CEC-8F8C-E3A5CC1CA75F}.Debug|x64.ActiveCfg = Debug|Any CPU
		{E0B29BBB-7091-4CEC-8F8C-E3A5CC1CA75F}.Debug|x64.Build.0 = Debug|Any CPU
		{E0B29BBB-7091-4CEC-8F8C-E3A5CC1CA75F}.Debug|x86.ActiveCfg = Debug|Any CPU
		{E0B29BBB-7091-4CEC-8F8C-E3A5CC1CA75F}.Debug|x86.Build.0 = Debug|Any CPU
		{E0B29BBB-7091-4CEC-8F8C-E3A5CC1CA75F}.Release|Any CPU.ActiveCfg = Release|Any CPU
		{E0B29BBB-7091-4CEC-8F8C-E3A5CC1CA75F}.Release|Any CPU.Build.0 = Release|Any CPU
		{E0B29BBB-7091-4CEC-8F8C-E3A5CC1CA75F}.Release|ARM.ActiveCfg = Release|Any CPU
		{E0B29BBB-7091-4CEC-8F8C-E3A5CC1CA75F}.Release|ARM.Build.0 = Release|Any CPU
		{E0B29BBB-7091-4CEC-8F8C-E3A5CC1CA75F}.Release|x64.ActiveCfg = Release|Any CPU
		{E0B29BBB-7091-4CEC-8F8C-E3A5CC1CA75F}.Release|x64.Build.0 = Release|Any CPU
		{E0B29BBB-7091-4CEC-8F8C-E3A5CC1CA75F}.Release|x86.ActiveCfg = Release|Any CPU
		{E0B29BBB-7091-4CEC-8F8C-E3A5CC1CA75F}.Release|x86.Build.0 = Release|Any CPU
		{16654675-E121-467F-8435-1461AD5AA916}.Debug|Any CPU.ActiveCfg = Debug|Any CPU
		{16654675-E121-467F-8435-1461AD5AA916}.Debug|Any CPU.Build.0 = Debug|Any CPU
		{16654675-E121-467F-8435-1461AD5AA916}.Debug|ARM.ActiveCfg = Debug|Any CPU
		{16654675-E121-467F-8435-1461AD5AA916}.Debug|ARM.Build.0 = Debug|Any CPU
		{16654675-E121-467F-8435-1461AD5AA916}.Debug|x64.ActiveCfg = Debug|Any CPU
		{16654675-E121-467F-8435-1461AD5AA916}.Debug|x64.Build.0 = Debug|Any CPU
		{16654675-E121-467F-8435-1461AD5AA916}.Debug|x86.ActiveCfg = Debug|Any CPU
		{16654675-E121-467F-8435-1461AD5AA916}.Debug|x86.Build.0 = Debug|Any CPU
		{16654675-E121-467F-8435-1461AD5AA916}.Release|Any CPU.ActiveCfg = Release|Any CPU
		{16654675-E121-467F-8435-1461AD5AA916}.Release|Any CPU.Build.0 = Release|Any CPU
		{16654675-E121-467F-8435-1461AD5AA916}.Release|ARM.ActiveCfg = Release|Any CPU
		{16654675-E121-467F-8435-1461AD5AA916}.Release|ARM.Build.0 = Release|Any CPU
		{16654675-E121-467F-8435-1461AD5AA916}.Release|x64.ActiveCfg = Release|Any CPU
		{16654675-E121-467F-8435-1461AD5AA916}.Release|x64.Build.0 = Release|Any CPU
		{16654675-E121-467F-8435-1461AD5AA916}.Release|x86.ActiveCfg = Release|Any CPU
		{16654675-E121-467F-8435-1461AD5AA916}.Release|x86.Build.0 = Release|Any CPU
		{D199C45B-870E-469B-B772-DA34BD6B1506}.Debug|Any CPU.ActiveCfg = Debug|Any CPU
		{D199C45B-870E-469B-B772-DA34BD6B1506}.Debug|Any CPU.Build.0 = Debug|Any CPU
		{D199C45B-870E-469B-B772-DA34BD6B1506}.Debug|ARM.ActiveCfg = Debug|Any CPU
		{D199C45B-870E-469B-B772-DA34BD6B1506}.Debug|ARM.Build.0 = Debug|Any CPU
		{D199C45B-870E-469B-B772-DA34BD6B1506}.Debug|x64.ActiveCfg = Debug|Any CPU
		{D199C45B-870E-469B-B772-DA34BD6B1506}.Debug|x64.Build.0 = Debug|Any CPU
		{D199C45B-870E-469B-B772-DA34BD6B1506}.Debug|x86.ActiveCfg = Debug|Any CPU
		{D199C45B-870E-469B-B772-DA34BD6B1506}.Debug|x86.Build.0 = Debug|Any CPU
		{D199C45B-870E-469B-B772-DA34BD6B1506}.Release|Any CPU.ActiveCfg = Release|Any CPU
		{D199C45B-870E-469B-B772-DA34BD6B1506}.Release|Any CPU.Build.0 = Release|Any CPU
		{D199C45B-870E-469B-B772-DA34BD6B1506}.Release|ARM.ActiveCfg = Release|Any CPU
		{D199C45B-870E-469B-B772-DA34BD6B1506}.Release|ARM.Build.0 = Release|Any CPU
		{D199C45B-870E-469B-B772-DA34BD6B1506}.Release|x64.ActiveCfg = Release|Any CPU
		{D199C45B-870E-469B-B772-DA34BD6B1506}.Release|x64.Build.0 = Release|Any CPU
		{D199C45B-870E-469B-B772-DA34BD6B1506}.Release|x86.ActiveCfg = Release|Any CPU
		{D199C45B-870E-469B-B772-DA34BD6B1506}.Release|x86.Build.0 = Release|Any CPU
		{00094E20-24F5-4F4F-9027-15A150F3AFF0}.Debug|Any CPU.ActiveCfg = Debug|Any CPU
		{00094E20-24F5-4F4F-9027-15A150F3AFF0}.Debug|Any CPU.Build.0 = Debug|Any CPU
		{00094E20-24F5-4F4F-9027-15A150F3AFF0}.Debug|ARM.ActiveCfg = Debug|Any CPU
		{00094E20-24F5-4F4F-9027-15A150F3AFF0}.Debug|ARM.Build.0 = Debug|Any CPU
		{00094E20-24F5-4F4F-9027-15A150F3AFF0}.Debug|x64.ActiveCfg = Debug|Any CPU
		{00094E20-24F5-4F4F-9027-15A150F3AFF0}.Debug|x64.Build.0 = Debug|Any CPU
		{00094E20-24F5-4F4F-9027-15A150F3AFF0}.Debug|x86.ActiveCfg = Debug|Any CPU
		{00094E20-24F5-4F4F-9027-15A150F3AFF0}.Debug|x86.Build.0 = Debug|Any CPU
		{00094E20-24F5-4F4F-9027-15A150F3AFF0}.Release|Any CPU.ActiveCfg = Release|Any CPU
		{00094E20-24F5-4F4F-9027-15A150F3AFF0}.Release|Any CPU.Build.0 = Release|Any CPU
		{00094E20-24F5-4F4F-9027-15A150F3AFF0}.Release|ARM.ActiveCfg = Release|Any CPU
		{00094E20-24F5-4F4F-9027-15A150F3AFF0}.Release|ARM.Build.0 = Release|Any CPU
		{00094E20-24F5-4F4F-9027-15A150F3AFF0}.Release|x64.ActiveCfg = Release|Any CPU
		{00094E20-24F5-4F4F-9027-15A150F3AFF0}.Release|x64.Build.0 = Release|Any CPU
		{00094E20-24F5-4F4F-9027-15A150F3AFF0}.Release|x86.ActiveCfg = Release|Any CPU
		{00094E20-24F5-4F4F-9027-15A150F3AFF0}.Release|x86.Build.0 = Release|Any CPU
		{391728BB-AC63-4332-9B28-176DE8AAA966}.Debug|Any CPU.ActiveCfg = Debug|Any CPU
		{391728BB-AC63-4332-9B28-176DE8AAA966}.Debug|Any CPU.Build.0 = Debug|Any CPU
		{391728BB-AC63-4332-9B28-176DE8AAA966}.Debug|ARM.ActiveCfg = Debug|Any CPU
		{391728BB-AC63-4332-9B28-176DE8AAA966}.Debug|ARM.Build.0 = Debug|Any CPU
		{391728BB-AC63-4332-9B28-176DE8AAA966}.Debug|x64.ActiveCfg = Debug|Any CPU
		{391728BB-AC63-4332-9B28-176DE8AAA966}.Debug|x64.Build.0 = Debug|Any CPU
		{391728BB-AC63-4332-9B28-176DE8AAA966}.Debug|x86.ActiveCfg = Debug|Any CPU
		{391728BB-AC63-4332-9B28-176DE8AAA966}.Debug|x86.Build.0 = Debug|Any CPU
		{391728BB-AC63-4332-9B28-176DE8AAA966}.Release|Any CPU.ActiveCfg = Release|Any CPU
		{391728BB-AC63-4332-9B28-176DE8AAA966}.Release|Any CPU.Build.0 = Release|Any CPU
		{391728BB-AC63-4332-9B28-176DE8AAA966}.Release|ARM.ActiveCfg = Release|Any CPU
		{391728BB-AC63-4332-9B28-176DE8AAA966}.Release|ARM.Build.0 = Release|Any CPU
		{391728BB-AC63-4332-9B28-176DE8AAA966}.Release|x64.ActiveCfg = Release|Any CPU
		{391728BB-AC63-4332-9B28-176DE8AAA966}.Release|x64.Build.0 = Release|Any CPU
		{391728BB-AC63-4332-9B28-176DE8AAA966}.Release|x86.ActiveCfg = Release|Any CPU
		{391728BB-AC63-4332-9B28-176DE8AAA966}.Release|x86.Build.0 = Release|Any CPU
		{A5AC51BE-B73B-41DE-A397-3AF61FAE70D8}.Debug|Any CPU.ActiveCfg = Debug|Any CPU
		{A5AC51BE-B73B-41DE-A397-3AF61FAE70D8}.Debug|Any CPU.Build.0 = Debug|Any CPU
		{A5AC51BE-B73B-41DE-A397-3AF61FAE70D8}.Debug|ARM.ActiveCfg = Debug|Any CPU
		{A5AC51BE-B73B-41DE-A397-3AF61FAE70D8}.Debug|ARM.Build.0 = Debug|Any CPU
		{A5AC51BE-B73B-41DE-A397-3AF61FAE70D8}.Debug|x64.ActiveCfg = Debug|Any CPU
		{A5AC51BE-B73B-41DE-A397-3AF61FAE70D8}.Debug|x64.Build.0 = Debug|Any CPU
		{A5AC51BE-B73B-41DE-A397-3AF61FAE70D8}.Debug|x86.ActiveCfg = Debug|Any CPU
		{A5AC51BE-B73B-41DE-A397-3AF61FAE70D8}.Debug|x86.Build.0 = Debug|Any CPU
		{A5AC51BE-B73B-41DE-A397-3AF61FAE70D8}.Release|Any CPU.ActiveCfg = Release|Any CPU
		{A5AC51BE-B73B-41DE-A397-3AF61FAE70D8}.Release|Any CPU.Build.0 = Release|Any CPU
		{A5AC51BE-B73B-41DE-A397-3AF61FAE70D8}.Release|ARM.ActiveCfg = Release|Any CPU
		{A5AC51BE-B73B-41DE-A397-3AF61FAE70D8}.Release|ARM.Build.0 = Release|Any CPU
		{A5AC51BE-B73B-41DE-A397-3AF61FAE70D8}.Release|x64.ActiveCfg = Release|Any CPU
		{A5AC51BE-B73B-41DE-A397-3AF61FAE70D8}.Release|x64.Build.0 = Release|Any CPU
		{A5AC51BE-B73B-41DE-A397-3AF61FAE70D8}.Release|x86.ActiveCfg = Release|Any CPU
		{A5AC51BE-B73B-41DE-A397-3AF61FAE70D8}.Release|x86.Build.0 = Release|Any CPU
		{DB80A908-8381-42F2-97C3-0F59B9E018BD}.Debug|Any CPU.ActiveCfg = Debug|Any CPU
		{DB80A908-8381-42F2-97C3-0F59B9E018BD}.Debug|Any CPU.Build.0 = Debug|Any CPU
		{DB80A908-8381-42F2-97C3-0F59B9E018BD}.Debug|ARM.ActiveCfg = Debug|Any CPU
		{DB80A908-8381-42F2-97C3-0F59B9E018BD}.Debug|ARM.Build.0 = Debug|Any CPU
		{DB80A908-8381-42F2-97C3-0F59B9E018BD}.Debug|x64.ActiveCfg = Debug|Any CPU
		{DB80A908-8381-42F2-97C3-0F59B9E018BD}.Debug|x64.Build.0 = Debug|Any CPU
		{DB80A908-8381-42F2-97C3-0F59B9E018BD}.Debug|x86.ActiveCfg = Debug|Any CPU
		{DB80A908-8381-42F2-97C3-0F59B9E018BD}.Debug|x86.Build.0 = Debug|Any CPU
		{DB80A908-8381-42F2-97C3-0F59B9E018BD}.Release|Any CPU.ActiveCfg = Release|Any CPU
		{DB80A908-8381-42F2-97C3-0F59B9E018BD}.Release|Any CPU.Build.0 = Release|Any CPU
		{DB80A908-8381-42F2-97C3-0F59B9E018BD}.Release|ARM.ActiveCfg = Release|Any CPU
		{DB80A908-8381-42F2-97C3-0F59B9E018BD}.Release|ARM.Build.0 = Release|Any CPU
		{DB80A908-8381-42F2-97C3-0F59B9E018BD}.Release|x64.ActiveCfg = Release|Any CPU
		{DB80A908-8381-42F2-97C3-0F59B9E018BD}.Release|x64.Build.0 = Release|Any CPU
		{DB80A908-8381-42F2-97C3-0F59B9E018BD}.Release|x86.ActiveCfg = Release|Any CPU
		{DB80A908-8381-42F2-97C3-0F59B9E018BD}.Release|x86.Build.0 = Release|Any CPU
		{609A8629-8F4D-4D2E-B637-B32867C4ED8D}.Debug|Any CPU.ActiveCfg = Debug|Any CPU
		{609A8629-8F4D-4D2E-B637-B32867C4ED8D}.Debug|Any CPU.Build.0 = Debug|Any CPU
		{609A8629-8F4D-4D2E-B637-B32867C4ED8D}.Debug|ARM.ActiveCfg = Debug|Any CPU
		{609A8629-8F4D-4D2E-B637-B32867C4ED8D}.Debug|ARM.Build.0 = Debug|Any CPU
		{609A8629-8F4D-4D2E-B637-B32867C4ED8D}.Debug|x64.ActiveCfg = Debug|Any CPU
		{609A8629-8F4D-4D2E-B637-B32867C4ED8D}.Debug|x64.Build.0 = Debug|Any CPU
		{609A8629-8F4D-4D2E-B637-B32867C4ED8D}.Debug|x86.ActiveCfg = Debug|Any CPU
		{609A8629-8F4D-4D2E-B637-B32867C4ED8D}.Debug|x86.Build.0 = Debug|Any CPU
		{609A8629-8F4D-4D2E-B637-B32867C4ED8D}.Release|Any CPU.ActiveCfg = Release|Any CPU
		{609A8629-8F4D-4D2E-B637-B32867C4ED8D}.Release|Any CPU.Build.0 = Release|Any CPU
		{609A8629-8F4D-4D2E-B637-B32867C4ED8D}.Release|ARM.ActiveCfg = Release|Any CPU
		{609A8629-8F4D-4D2E-B637-B32867C4ED8D}.Release|ARM.Build.0 = Release|Any CPU
		{609A8629-8F4D-4D2E-B637-B32867C4ED8D}.Release|x64.ActiveCfg = Release|Any CPU
		{609A8629-8F4D-4D2E-B637-B32867C4ED8D}.Release|x64.Build.0 = Release|Any CPU
		{609A8629-8F4D-4D2E-B637-B32867C4ED8D}.Release|x86.ActiveCfg = Release|Any CPU
		{609A8629-8F4D-4D2E-B637-B32867C4ED8D}.Release|x86.Build.0 = Release|Any CPU
		{8A9BE5C7-0678-47E7-ACA2-3E293DD5BD15}.Debug|Any CPU.ActiveCfg = Debug|Any CPU
		{8A9BE5C7-0678-47E7-ACA2-3E293DD5BD15}.Debug|Any CPU.Build.0 = Debug|Any CPU
		{8A9BE5C7-0678-47E7-ACA2-3E293DD5BD15}.Debug|ARM.ActiveCfg = Debug|Any CPU
		{8A9BE5C7-0678-47E7-ACA2-3E293DD5BD15}.Debug|ARM.Build.0 = Debug|Any CPU
		{8A9BE5C7-0678-47E7-ACA2-3E293DD5BD15}.Debug|x64.ActiveCfg = Debug|Any CPU
		{8A9BE5C7-0678-47E7-ACA2-3E293DD5BD15}.Debug|x64.Build.0 = Debug|Any CPU
		{8A9BE5C7-0678-47E7-ACA2-3E293DD5BD15}.Debug|x86.ActiveCfg = Debug|Any CPU
		{8A9BE5C7-0678-47E7-ACA2-3E293DD5BD15}.Debug|x86.Build.0 = Debug|Any CPU
		{8A9BE5C7-0678-47E7-ACA2-3E293DD5BD15}.Release|Any CPU.ActiveCfg = Release|Any CPU
		{8A9BE5C7-0678-47E7-ACA2-3E293DD5BD15}.Release|Any CPU.Build.0 = Release|Any CPU
		{8A9BE5C7-0678-47E7-ACA2-3E293DD5BD15}.Release|ARM.ActiveCfg = Release|Any CPU
		{8A9BE5C7-0678-47E7-ACA2-3E293DD5BD15}.Release|ARM.Build.0 = Release|Any CPU
		{8A9BE5C7-0678-47E7-ACA2-3E293DD5BD15}.Release|x64.ActiveCfg = Release|Any CPU
		{8A9BE5C7-0678-47E7-ACA2-3E293DD5BD15}.Release|x64.Build.0 = Release|Any CPU
		{8A9BE5C7-0678-47E7-ACA2-3E293DD5BD15}.Release|x86.ActiveCfg = Release|Any CPU
		{8A9BE5C7-0678-47E7-ACA2-3E293DD5BD15}.Release|x86.Build.0 = Release|Any CPU
		{2BA3028D-A07F-461C-9012-95FFD848B61C}.Debug|Any CPU.ActiveCfg = Debug|Any CPU
		{2BA3028D-A07F-461C-9012-95FFD848B61C}.Debug|Any CPU.Build.0 = Debug|Any CPU
		{2BA3028D-A07F-461C-9012-95FFD848B61C}.Debug|ARM.ActiveCfg = Debug|Any CPU
		{2BA3028D-A07F-461C-9012-95FFD848B61C}.Debug|ARM.Build.0 = Debug|Any CPU
		{2BA3028D-A07F-461C-9012-95FFD848B61C}.Debug|x64.ActiveCfg = Debug|Any CPU
		{2BA3028D-A07F-461C-9012-95FFD848B61C}.Debug|x64.Build.0 = Debug|Any CPU
		{2BA3028D-A07F-461C-9012-95FFD848B61C}.Debug|x86.ActiveCfg = Debug|Any CPU
		{2BA3028D-A07F-461C-9012-95FFD848B61C}.Debug|x86.Build.0 = Debug|Any CPU
		{2BA3028D-A07F-461C-9012-95FFD848B61C}.Release|Any CPU.ActiveCfg = Release|Any CPU
		{2BA3028D-A07F-461C-9012-95FFD848B61C}.Release|Any CPU.Build.0 = Release|Any CPU
		{2BA3028D-A07F-461C-9012-95FFD848B61C}.Release|ARM.ActiveCfg = Release|Any CPU
		{2BA3028D-A07F-461C-9012-95FFD848B61C}.Release|ARM.Build.0 = Release|Any CPU
		{2BA3028D-A07F-461C-9012-95FFD848B61C}.Release|x64.ActiveCfg = Release|Any CPU
		{2BA3028D-A07F-461C-9012-95FFD848B61C}.Release|x64.Build.0 = Release|Any CPU
		{2BA3028D-A07F-461C-9012-95FFD848B61C}.Release|x86.ActiveCfg = Release|Any CPU
		{2BA3028D-A07F-461C-9012-95FFD848B61C}.Release|x86.Build.0 = Release|Any CPU
		{17490E15-C4BB-429C-AE13-8EB10F825426}.Debug|Any CPU.ActiveCfg = Debug|Any CPU
		{17490E15-C4BB-429C-AE13-8EB10F825426}.Debug|Any CPU.Build.0 = Debug|Any CPU
		{17490E15-C4BB-429C-AE13-8EB10F825426}.Debug|ARM.ActiveCfg = Debug|Any CPU
		{17490E15-C4BB-429C-AE13-8EB10F825426}.Debug|ARM.Build.0 = Debug|Any CPU
		{17490E15-C4BB-429C-AE13-8EB10F825426}.Debug|x64.ActiveCfg = Debug|Any CPU
		{17490E15-C4BB-429C-AE13-8EB10F825426}.Debug|x64.Build.0 = Debug|Any CPU
		{17490E15-C4BB-429C-AE13-8EB10F825426}.Debug|x86.ActiveCfg = Debug|Any CPU
		{17490E15-C4BB-429C-AE13-8EB10F825426}.Debug|x86.Build.0 = Debug|Any CPU
		{17490E15-C4BB-429C-AE13-8EB10F825426}.Release|Any CPU.ActiveCfg = Release|Any CPU
		{17490E15-C4BB-429C-AE13-8EB10F825426}.Release|Any CPU.Build.0 = Release|Any CPU
		{17490E15-C4BB-429C-AE13-8EB10F825426}.Release|ARM.ActiveCfg = Release|Any CPU
		{17490E15-C4BB-429C-AE13-8EB10F825426}.Release|ARM.Build.0 = Release|Any CPU
		{17490E15-C4BB-429C-AE13-8EB10F825426}.Release|x64.ActiveCfg = Release|Any CPU
		{17490E15-C4BB-429C-AE13-8EB10F825426}.Release|x64.Build.0 = Release|Any CPU
		{17490E15-C4BB-429C-AE13-8EB10F825426}.Release|x86.ActiveCfg = Release|Any CPU
		{17490E15-C4BB-429C-AE13-8EB10F825426}.Release|x86.Build.0 = Release|Any CPU
		{359EB28D-0CBF-42FB-AA3D-E07FEA798777}.Debug|Any CPU.ActiveCfg = Debug|Any CPU
		{359EB28D-0CBF-42FB-AA3D-E07FEA798777}.Debug|Any CPU.Build.0 = Debug|Any CPU
		{359EB28D-0CBF-42FB-AA3D-E07FEA798777}.Debug|ARM.ActiveCfg = Debug|Any CPU
		{359EB28D-0CBF-42FB-AA3D-E07FEA798777}.Debug|ARM.Build.0 = Debug|Any CPU
		{359EB28D-0CBF-42FB-AA3D-E07FEA798777}.Debug|x64.ActiveCfg = Debug|Any CPU
		{359EB28D-0CBF-42FB-AA3D-E07FEA798777}.Debug|x64.Build.0 = Debug|Any CPU
		{359EB28D-0CBF-42FB-AA3D-E07FEA798777}.Debug|x86.ActiveCfg = Debug|Any CPU
		{359EB28D-0CBF-42FB-AA3D-E07FEA798777}.Debug|x86.Build.0 = Debug|Any CPU
		{359EB28D-0CBF-42FB-AA3D-E07FEA798777}.Release|Any CPU.ActiveCfg = Release|Any CPU
		{359EB28D-0CBF-42FB-AA3D-E07FEA798777}.Release|Any CPU.Build.0 = Release|Any CPU
		{359EB28D-0CBF-42FB-AA3D-E07FEA798777}.Release|ARM.ActiveCfg = Release|Any CPU
		{359EB28D-0CBF-42FB-AA3D-E07FEA798777}.Release|ARM.Build.0 = Release|Any CPU
		{359EB28D-0CBF-42FB-AA3D-E07FEA798777}.Release|x64.ActiveCfg = Release|Any CPU
		{359EB28D-0CBF-42FB-AA3D-E07FEA798777}.Release|x64.Build.0 = Release|Any CPU
		{359EB28D-0CBF-42FB-AA3D-E07FEA798777}.Release|x86.ActiveCfg = Release|Any CPU
		{359EB28D-0CBF-42FB-AA3D-E07FEA798777}.Release|x86.Build.0 = Release|Any CPU
		{79ED3321-2AA6-450D-A2AB-FDAB77AF4000}.Debug|Any CPU.ActiveCfg = Debug|Any CPU
		{79ED3321-2AA6-450D-A2AB-FDAB77AF4000}.Debug|Any CPU.Build.0 = Debug|Any CPU
		{79ED3321-2AA6-450D-A2AB-FDAB77AF4000}.Debug|ARM.ActiveCfg = Debug|Any CPU
		{79ED3321-2AA6-450D-A2AB-FDAB77AF4000}.Debug|ARM.Build.0 = Debug|Any CPU
		{79ED3321-2AA6-450D-A2AB-FDAB77AF4000}.Debug|x64.ActiveCfg = Debug|Any CPU
		{79ED3321-2AA6-450D-A2AB-FDAB77AF4000}.Debug|x64.Build.0 = Debug|Any CPU
		{79ED3321-2AA6-450D-A2AB-FDAB77AF4000}.Debug|x86.ActiveCfg = Debug|Any CPU
		{79ED3321-2AA6-450D-A2AB-FDAB77AF4000}.Debug|x86.Build.0 = Debug|Any CPU
		{79ED3321-2AA6-450D-A2AB-FDAB77AF4000}.Release|Any CPU.ActiveCfg = Release|Any CPU
		{79ED3321-2AA6-450D-A2AB-FDAB77AF4000}.Release|Any CPU.Build.0 = Release|Any CPU
		{79ED3321-2AA6-450D-A2AB-FDAB77AF4000}.Release|ARM.ActiveCfg = Release|Any CPU
		{79ED3321-2AA6-450D-A2AB-FDAB77AF4000}.Release|ARM.Build.0 = Release|Any CPU
		{79ED3321-2AA6-450D-A2AB-FDAB77AF4000}.Release|x64.ActiveCfg = Release|Any CPU
		{79ED3321-2AA6-450D-A2AB-FDAB77AF4000}.Release|x64.Build.0 = Release|Any CPU
		{79ED3321-2AA6-450D-A2AB-FDAB77AF4000}.Release|x86.ActiveCfg = Release|Any CPU
		{79ED3321-2AA6-450D-A2AB-FDAB77AF4000}.Release|x86.Build.0 = Release|Any CPU
		{4ECA9C3D-0031-4154-BD26-9349360ECC6C}.Debug|Any CPU.ActiveCfg = Debug|Any CPU
		{4ECA9C3D-0031-4154-BD26-9349360ECC6C}.Debug|Any CPU.Build.0 = Debug|Any CPU
		{4ECA9C3D-0031-4154-BD26-9349360ECC6C}.Debug|ARM.ActiveCfg = Debug|Any CPU
		{4ECA9C3D-0031-4154-BD26-9349360ECC6C}.Debug|ARM.Build.0 = Debug|Any CPU
		{4ECA9C3D-0031-4154-BD26-9349360ECC6C}.Debug|x64.ActiveCfg = Debug|Any CPU
		{4ECA9C3D-0031-4154-BD26-9349360ECC6C}.Debug|x64.Build.0 = Debug|Any CPU
		{4ECA9C3D-0031-4154-BD26-9349360ECC6C}.Debug|x86.ActiveCfg = Debug|Any CPU
		{4ECA9C3D-0031-4154-BD26-9349360ECC6C}.Debug|x86.Build.0 = Debug|Any CPU
		{4ECA9C3D-0031-4154-BD26-9349360ECC6C}.Release|Any CPU.ActiveCfg = Release|Any CPU
		{4ECA9C3D-0031-4154-BD26-9349360ECC6C}.Release|Any CPU.Build.0 = Release|Any CPU
		{4ECA9C3D-0031-4154-BD26-9349360ECC6C}.Release|ARM.ActiveCfg = Release|Any CPU
		{4ECA9C3D-0031-4154-BD26-9349360ECC6C}.Release|ARM.Build.0 = Release|Any CPU
		{4ECA9C3D-0031-4154-BD26-9349360ECC6C}.Release|x64.ActiveCfg = Release|Any CPU
		{4ECA9C3D-0031-4154-BD26-9349360ECC6C}.Release|x64.Build.0 = Release|Any CPU
		{4ECA9C3D-0031-4154-BD26-9349360ECC6C}.Release|x86.ActiveCfg = Release|Any CPU
		{4ECA9C3D-0031-4154-BD26-9349360ECC6C}.Release|x86.Build.0 = Release|Any CPU
		{C2F710F4-629B-40D9-82C4-2BC6C25C57F3}.Debug|Any CPU.ActiveCfg = Debug|Any CPU
		{C2F710F4-629B-40D9-82C4-2BC6C25C57F3}.Debug|Any CPU.Build.0 = Debug|Any CPU
		{C2F710F4-629B-40D9-82C4-2BC6C25C57F3}.Debug|ARM.ActiveCfg = Debug|Any CPU
		{C2F710F4-629B-40D9-82C4-2BC6C25C57F3}.Debug|ARM.Build.0 = Debug|Any CPU
		{C2F710F4-629B-40D9-82C4-2BC6C25C57F3}.Debug|x64.ActiveCfg = Debug|Any CPU
		{C2F710F4-629B-40D9-82C4-2BC6C25C57F3}.Debug|x64.Build.0 = Debug|Any CPU
		{C2F710F4-629B-40D9-82C4-2BC6C25C57F3}.Debug|x86.ActiveCfg = Debug|Any CPU
		{C2F710F4-629B-40D9-82C4-2BC6C25C57F3}.Debug|x86.Build.0 = Debug|Any CPU
		{C2F710F4-629B-40D9-82C4-2BC6C25C57F3}.Release|Any CPU.ActiveCfg = Release|Any CPU
		{C2F710F4-629B-40D9-82C4-2BC6C25C57F3}.Release|Any CPU.Build.0 = Release|Any CPU
		{C2F710F4-629B-40D9-82C4-2BC6C25C57F3}.Release|ARM.ActiveCfg = Release|Any CPU
		{C2F710F4-629B-40D9-82C4-2BC6C25C57F3}.Release|ARM.Build.0 = Release|Any CPU
		{C2F710F4-629B-40D9-82C4-2BC6C25C57F3}.Release|x64.ActiveCfg = Release|Any CPU
		{C2F710F4-629B-40D9-82C4-2BC6C25C57F3}.Release|x64.Build.0 = Release|Any CPU
		{C2F710F4-629B-40D9-82C4-2BC6C25C57F3}.Release|x86.ActiveCfg = Release|Any CPU
		{C2F710F4-629B-40D9-82C4-2BC6C25C57F3}.Release|x86.Build.0 = Release|Any CPU
		{DFCBCD85-87C1-4710-B331-A4613E8480EF}.Debug|Any CPU.ActiveCfg = Debug|Any CPU
		{DFCBCD85-87C1-4710-B331-A4613E8480EF}.Debug|Any CPU.Build.0 = Debug|Any CPU
		{DFCBCD85-87C1-4710-B331-A4613E8480EF}.Debug|ARM.ActiveCfg = Debug|Any CPU
		{DFCBCD85-87C1-4710-B331-A4613E8480EF}.Debug|ARM.Build.0 = Debug|Any CPU
		{DFCBCD85-87C1-4710-B331-A4613E8480EF}.Debug|x64.ActiveCfg = Debug|Any CPU
		{DFCBCD85-87C1-4710-B331-A4613E8480EF}.Debug|x64.Build.0 = Debug|Any CPU
		{DFCBCD85-87C1-4710-B331-A4613E8480EF}.Debug|x86.ActiveCfg = Debug|Any CPU
		{DFCBCD85-87C1-4710-B331-A4613E8480EF}.Debug|x86.Build.0 = Debug|Any CPU
		{DFCBCD85-87C1-4710-B331-A4613E8480EF}.Release|Any CPU.ActiveCfg = Release|Any CPU
		{DFCBCD85-87C1-4710-B331-A4613E8480EF}.Release|Any CPU.Build.0 = Release|Any CPU
		{DFCBCD85-87C1-4710-B331-A4613E8480EF}.Release|ARM.ActiveCfg = Release|Any CPU
		{DFCBCD85-87C1-4710-B331-A4613E8480EF}.Release|ARM.Build.0 = Release|Any CPU
		{DFCBCD85-87C1-4710-B331-A4613E8480EF}.Release|x64.ActiveCfg = Release|Any CPU
		{DFCBCD85-87C1-4710-B331-A4613E8480EF}.Release|x64.Build.0 = Release|Any CPU
		{DFCBCD85-87C1-4710-B331-A4613E8480EF}.Release|x86.ActiveCfg = Release|Any CPU
		{DFCBCD85-87C1-4710-B331-A4613E8480EF}.Release|x86.Build.0 = Release|Any CPU
		{A50BC6BF-2FB1-480A-BA7E-2A54DC5086F4}.Debug|Any CPU.ActiveCfg = Debug|Any CPU
		{A50BC6BF-2FB1-480A-BA7E-2A54DC5086F4}.Debug|Any CPU.Build.0 = Debug|Any CPU
		{A50BC6BF-2FB1-480A-BA7E-2A54DC5086F4}.Debug|ARM.ActiveCfg = Debug|Any CPU
		{A50BC6BF-2FB1-480A-BA7E-2A54DC5086F4}.Debug|ARM.Build.0 = Debug|Any CPU
		{A50BC6BF-2FB1-480A-BA7E-2A54DC5086F4}.Debug|x64.ActiveCfg = Debug|Any CPU
		{A50BC6BF-2FB1-480A-BA7E-2A54DC5086F4}.Debug|x64.Build.0 = Debug|Any CPU
		{A50BC6BF-2FB1-480A-BA7E-2A54DC5086F4}.Debug|x86.ActiveCfg = Debug|Any CPU
		{A50BC6BF-2FB1-480A-BA7E-2A54DC5086F4}.Debug|x86.Build.0 = Debug|Any CPU
		{A50BC6BF-2FB1-480A-BA7E-2A54DC5086F4}.Release|Any CPU.ActiveCfg = Release|Any CPU
		{A50BC6BF-2FB1-480A-BA7E-2A54DC5086F4}.Release|Any CPU.Build.0 = Release|Any CPU
		{A50BC6BF-2FB1-480A-BA7E-2A54DC5086F4}.Release|ARM.ActiveCfg = Release|Any CPU
		{A50BC6BF-2FB1-480A-BA7E-2A54DC5086F4}.Release|ARM.Build.0 = Release|Any CPU
		{A50BC6BF-2FB1-480A-BA7E-2A54DC5086F4}.Release|x64.ActiveCfg = Release|Any CPU
		{A50BC6BF-2FB1-480A-BA7E-2A54DC5086F4}.Release|x64.Build.0 = Release|Any CPU
		{A50BC6BF-2FB1-480A-BA7E-2A54DC5086F4}.Release|x86.ActiveCfg = Release|Any CPU
		{A50BC6BF-2FB1-480A-BA7E-2A54DC5086F4}.Release|x86.Build.0 = Release|Any CPU
	EndGlobalSection
	GlobalSection(SolutionProperties) = preSolution
		HideSolutionNode = FALSE
	EndGlobalSection
	GlobalSection(NestedProjects) = preSolution
		{851C8478-B6B2-4782-9C55-BD547A8A00FC} = {10DB110D-B6DE-419A-8E54-4552156F6790}
		{27B17879-F600-4095-B744-1D70EEDB98B8} = {10DB110D-B6DE-419A-8E54-4552156F6790}
		{72ACEF64-3812-4C9C-84C7-EEB88FC52B40} = {10DB110D-B6DE-419A-8E54-4552156F6790}
		{3B5DE91B-0B2F-444D-B476-0DAB711239A6} = {389C6855-7017-4CB4-B875-CCB2DF4ACC21}
		{E0B29BBB-7091-4CEC-8F8C-E3A5CC1CA75F} = {DFF03830-1735-4D0A-ACCB-C430FFCD6F6D}
		{16654675-E121-467F-8435-1461AD5AA916} = {DFF03830-1735-4D0A-ACCB-C430FFCD6F6D}
		{10DB110D-B6DE-419A-8E54-4552156F6790} = {164E85F3-30B8-4648-AA60-959D9544444B}
		{DFF03830-1735-4D0A-ACCB-C430FFCD6F6D} = {164E85F3-30B8-4648-AA60-959D9544444B}
		{D199C45B-870E-469B-B772-DA34BD6B1506} = {DFF03830-1735-4D0A-ACCB-C430FFCD6F6D}
		{00094E20-24F5-4F4F-9027-15A150F3AFF0} = {4FD46910-04E8-4ABD-974E-10A882E753C9}
		{391728BB-AC63-4332-9B28-176DE8AAA966} = {4FD46910-04E8-4ABD-974E-10A882E753C9}
		{A5AC51BE-B73B-41DE-A397-3AF61FAE70D8} = {4FD46910-04E8-4ABD-974E-10A882E753C9}
		{11361327-2822-4DB8-A026-963B5A0231A3} = {E66DF1AA-0EC0-4B52-83A7-053132449BD6}
		{99A2621D-070F-42DD-A4C5-3C65A3713723} = {E66DF1AA-0EC0-4B52-83A7-053132449BD6}
		{DB80A908-8381-42F2-97C3-0F59B9E018BD} = {11361327-2822-4DB8-A026-963B5A0231A3}
		{609A8629-8F4D-4D2E-B637-B32867C4ED8D} = {11361327-2822-4DB8-A026-963B5A0231A3}
		{8A9BE5C7-0678-47E7-ACA2-3E293DD5BD15} = {11361327-2822-4DB8-A026-963B5A0231A3}
		{2BA3028D-A07F-461C-9012-95FFD848B61C} = {99A2621D-070F-42DD-A4C5-3C65A3713723}
		{17490E15-C4BB-429C-AE13-8EB10F825426} = {99A2621D-070F-42DD-A4C5-3C65A3713723}
		{359EB28D-0CBF-42FB-AA3D-E07FEA798777} = {99A2621D-070F-42DD-A4C5-3C65A3713723}
		{79ED3321-2AA6-450D-A2AB-FDAB77AF4000} = {389C6855-7017-4CB4-B875-CCB2DF4ACC21}
		{4ECA9C3D-0031-4154-BD26-9349360ECC6C} = {389C6855-7017-4CB4-B875-CCB2DF4ACC21}
		{389C6855-7017-4CB4-B875-CCB2DF4ACC21} = {F620365B-2AD2-4D96-91D3-7DF65EB22CCD}
		{C8E35752-A5BE-433E-A695-3D415940FE5F} = {F620365B-2AD2-4D96-91D3-7DF65EB22CCD}
		{C2F710F4-629B-40D9-82C4-2BC6C25C57F3} = {C8E35752-A5BE-433E-A695-3D415940FE5F}
		{DFCBCD85-87C1-4710-B331-A4613E8480EF} = {C8E35752-A5BE-433E-A695-3D415940FE5F}
		{A50BC6BF-2FB1-480A-BA7E-2A54DC5086F4} = {C8E35752-A5BE-433E-A695-3D415940FE5F}
	EndGlobalSection
	GlobalSection(ExtensibilityGlobals) = postSolution
		SolutionGuid = {0604289A-46C0-4A20-9FA3-4BBB20E5B400}
	EndGlobalSection
EndGlobal
