
Microsoft Visual Studio Solution File, Format Version 12.00
# Visual Studio 15
VisualStudioVersion = 15.0.26124.0
MinimumVisualStudioVersion = 15.0.26124.0
Project("{FAE04EC0-301F-11D3-BF4B-00C04F79EFBC}") = "lib", "lib\lib.csproj", "{C5B733DA-1AB0-4AD3-9DD7-4D43A338D333}"
EndProject
Project("{FAE04EC0-301F-11D3-BF4B-00C04F79EFBC}") = "lib.tests.nunit", "lib.tests.nunit\lib.tests.nunit.csproj", "{90A36581-DDA3-4C52-AB16-DB21CEB78AD7}"
EndProject
Global
	GlobalSection(SolutionConfigurationPlatforms) = preSolution
		Debug|Any CPU = Debug|Any CPU
		Debug|x64 = Debug|x64
		Debug|x86 = Debug|x86
		Release|Any CPU = Release|Any CPU
		Release|x64 = Release|x64
		Release|x86 = Release|x86
	EndGlobalSection
	GlobalSection(SolutionProperties) = preSolution
		HideSolutionNode = FALSE
	EndGlobalSection
	GlobalSection(ProjectConfigurationPlatforms) = postSolution
		{C5B733DA-1AB0-4AD3-9DD7-4D43A338D333}.Debug|Any CPU.ActiveCfg = Debug|Any CPU
		{C5B733DA-1AB0-4AD3-9DD7-4D43A338D333}.Debug|Any CPU.Build.0 = Debug|Any CPU
		{C5B733DA-1AB0-4AD3-9DD7-4D43A338D333}.Debug|x64.ActiveCfg = Debug|Any CPU
		{C5B733DA-1AB0-4AD3-9DD7-4D43A338D333}.Debug|x64.Build.0 = Debug|Any CPU
		{C5B733DA-1AB0-4AD3-9DD7-4D43A338D333}.Debug|x86.ActiveCfg = Debug|Any CPU
		{C5B733DA-1AB0-4AD3-9DD7-4D43A338D333}.Debug|x86.Build.0 = Debug|Any CPU
		{C5B733DA-1AB0-4AD3-9DD7-4D43A338D333}.Release|Any CPU.ActiveCfg = Release|Any CPU
		{C5B733DA-1AB0-4AD3-9DD7-4D43A338D333}.Release|Any CPU.Build.0 = Release|Any CPU
		{C5B733DA-1AB0-4AD3-9DD7-4D43A338D333}.Release|x64.ActiveCfg = Release|Any CPU
		{C5B733DA-1AB0-4AD3-9DD7-4D43A338D333}.Release|x64.Build.0 = Release|Any CPU
		{C5B733DA-1AB0-4AD3-9DD7-4D43A338D333}.Release|x86.ActiveCfg = Release|Any CPU
		{C5B733DA-1AB0-4AD3-9DD7-4D43A338D333}.Release|x86.Build.0 = Release|Any CPU
		{90A36581-DDA3-4C52-AB16-DB21CEB78AD7}.Debug|Any CPU.ActiveCfg = Debug|Any CPU
		{90A36581-DDA3-4C52-AB16-DB21CEB78AD7}.Debug|Any CPU.Build.0 = Debug|Any CPU
		{90A36581-DDA3-4C52-AB16-DB21CEB78AD7}.Debug|x64.ActiveCfg = Debug|Any CPU
		{90A36581-DDA3-4C52-AB16-DB21CEB78AD7}.Debug|x64.Build.0 = Debug|Any CPU
		{90A36581-DDA3-4C52-AB16-DB21CEB78AD7}.Debug|x86.ActiveCfg = Debug|Any CPU
		{90A36581-DDA3-4C52-AB16-DB21CEB78AD7}.Debug|x86.Build.0 = Debug|Any CPU
		{90A36581-DDA3-4C52-AB16-DB21CEB78AD7}.Release|Any CPU.ActiveCfg = Release|Any CPU
		{90A36581-DDA3-4C52-AB16-DB21CEB78AD7}.Release|Any CPU.Build.0 = Release|Any CPU
		{90A36581-DDA3-4C52-AB16-DB21CEB78AD7}.Release|x64.ActiveCfg = Release|Any CPU
		{90A36581-DDA3-4C52-AB16-DB21CEB78AD7}.Release|x64.Build.0 = Release|Any CPU
		{90A36581-DDA3-4C52-AB16-DB21CEB78AD7}.Release|x86.ActiveCfg = Release|Any CPU
		{90A36581-DDA3-4C52-AB16-DB21CEB78AD7}.Release|x86.Build.0 = Release|Any CPU
	EndGlobalSection
EndGlobal
